
Microsoft Visual Studio Solution File, Format Version 12.00
# Visual Studio 15
VisualStudioVersion = 15.0.26430.15
MinimumVisualStudioVersion = 10.0.40219.1
Project("{FAE04EC0-301F-11D3-BF4B-00C04F79EFBC}") = "IntegrationTest", "IntegrationTest\IntegrationTest.csproj", "{BE65AE46-9DD6-4F1E-8CB1-5E2B30AFF478}"
EndProject
Project("{FAE04EC0-301F-11D3-BF4B-00C04F79EFBC}") = "IntegrationTest.Tests", "IntegrationTest.Tests\IntegrationTest.Tests.csproj", "{0B36F66C-C0DD-4960-9253-600383876442}"
EndProject
Global
	GlobalSection(SolutionConfigurationPlatforms) = preSolution
		Debug|Any CPU = Debug|Any CPU
		Release|Any CPU = Release|Any CPU
	EndGlobalSection
	GlobalSection(ProjectConfigurationPlatforms) = postSolution
		{BE65AE46-9DD6-4F1E-8CB1-5E2B30AFF478}.Debug|Any CPU.ActiveCfg = Debug|Any CPU
		{BE65AE46-9DD6-4F1E-8CB1-5E2B30AFF478}.Debug|Any CPU.Build.0 = Debug|Any CPU
		{BE65AE46-9DD6-4F1E-8CB1-5E2B30AFF478}.Release|Any CPU.ActiveCfg = Release|Any CPU
		{BE65AE46-9DD6-4F1E-8CB1-5E2B30AFF478}.Release|Any CPU.Build.0 = Release|Any CPU
		{0B36F66C-C0DD-4960-9253-600383876442}.Debug|Any CPU.ActiveCfg = Debug|Any CPU
		{0B36F66C-C0DD-4960-9253-600383876442}.Debug|Any CPU.Build.0 = Debug|Any CPU
		{0B36F66C-C0DD-4960-9253-600383876442}.Release|Any CPU.ActiveCfg = Release|Any CPU
		{0B36F66C-C0DD-4960-9253-600383876442}.Release|Any CPU.Build.0 = Release|Any CPU
	EndGlobalSection
	GlobalSection(SolutionProperties) = preSolution
		HideSolutionNode = FALSE
	EndGlobalSection
EndGlobal
